// !$*UTF8*$!
{
	archiveVersion = 1;
	classes = {
	};
	objectVersion = 56;
	objects = {

/* Begin PBXBuildFile section */
		C88992DD2860630800F327D6 /* WWDC22App.swift in Sources */ = {isa = PBXBuildFile; fileRef = C88992DC2860630800F327D6 /* WWDC22App.swift */; };
		C88992DF2860630800F327D6 /* ContentView.swift in Sources */ = {isa = PBXBuildFile; fileRef = C88992DE2860630800F327D6 /* ContentView.swift */; };
		C88992E12860630A00F327D6 /* Assets.xcassets in Resources */ = {isa = PBXBuildFile; fileRef = C88992E02860630A00F327D6 /* Assets.xcassets */; };
		C88992E52860630A00F327D6 /* Preview Assets.xcassets in Resources */ = {isa = PBXBuildFile; fileRef = C88992E42860630A00F327D6 /* Preview Assets.xcassets */; };
		C88992F02860631E00F327D6 /* ProgramaticNavigationView.swift in Sources */ = {isa = PBXBuildFile; fileRef = C88992EB2860631E00F327D6 /* ProgramaticNavigationView.swift */; };
		C88992F12860631E00F327D6 /* Chart.swift in Sources */ = {isa = PBXBuildFile; fileRef = C88992EC2860631E00F327D6 /* Chart.swift */; };
		C88992F22860631E00F327D6 /* ViewFit.swift in Sources */ = {isa = PBXBuildFile; fileRef = C88992ED2860631E00F327D6 /* ViewFit.swift */; };
		C88992F32860631E00F327D6 /* Layout.swift in Sources */ = {isa = PBXBuildFile; fileRef = C88992EE2860631E00F327D6 /* Layout.swift */; };
		C88992F42860631E00F327D6 /* BottomSheet.swift in Sources */ = {isa = PBXBuildFile; fileRef = C88992EF2860631E00F327D6 /* BottomSheet.swift */; };
		C8C5EC14287EA9FB00488334 /* ColumnNavigation.swift in Sources */ = {isa = PBXBuildFile; fileRef = C8C5EC13287EA9FB00488334 /* ColumnNavigation.swift */; };
		E5180E4F28759AE4004D2BFE /* VariableSFSymbolView.swift in Sources */ = {isa = PBXBuildFile; fileRef = E5180E4E28759AE4004D2BFE /* VariableSFSymbolView.swift */; };
		E5180E5128759AFB004D2BFE /* GradientExampleView.swift in Sources */ = {isa = PBXBuildFile; fileRef = E5180E5028759AFB004D2BFE /* GradientExampleView.swift */; };
		E54BDB9B28620CB800A4A590 /* MarkDownView.swift in Sources */ = {isa = PBXBuildFile; fileRef = E54BDB9A28620CB800A4A590 /* MarkDownView.swift */; };
/* End PBXBuildFile section */

/* Begin PBXFileReference section */
		C88992D92860630800F327D6 /* WWDC22.app */ = {isa = PBXFileReference; explicitFileType = wrapper.application; includeInIndex = 0; path = WWDC22.app; sourceTree = BUILT_PRODUCTS_DIR; };
		C88992DC2860630800F327D6 /* WWDC22App.swift */ = {isa = PBXFileReference; lastKnownFileType = sourcecode.swift; path = WWDC22App.swift; sourceTree = "<group>"; };
		C88992DE2860630800F327D6 /* ContentView.swift */ = {isa = PBXFileReference; lastKnownFileType = sourcecode.swift; path = ContentView.swift; sourceTree = "<group>"; };
		C88992E02860630A00F327D6 /* Assets.xcassets */ = {isa = PBXFileReference; lastKnownFileType = folder.assetcatalog; path = Assets.xcassets; sourceTree = "<group>"; };
		C88992E22860630A00F327D6 /* WWDC22.entitlements */ = {isa = PBXFileReference; lastKnownFileType = text.plist.entitlements; path = WWDC22.entitlements; sourceTree = "<group>"; };
		C88992E42860630A00F327D6 /* Preview Assets.xcassets */ = {isa = PBXFileReference; lastKnownFileType = folder.assetcatalog; path = "Preview Assets.xcassets"; sourceTree = "<group>"; };
		C88992EB2860631E00F327D6 /* ProgramaticNavigationView.swift */ = {isa = PBXFileReference; fileEncoding = 4; lastKnownFileType = sourcecode.swift; path = ProgramaticNavigationView.swift; sourceTree = "<group>"; };
		C88992EC2860631E00F327D6 /* Chart.swift */ = {isa = PBXFileReference; fileEncoding = 4; lastKnownFileType = sourcecode.swift; path = Chart.swift; sourceTree = "<group>"; };
		C88992ED2860631E00F327D6 /* ViewFit.swift */ = {isa = PBXFileReference; fileEncoding = 4; lastKnownFileType = sourcecode.swift; path = ViewFit.swift; sourceTree = "<group>"; };
		C88992EE2860631E00F327D6 /* Layout.swift */ = {isa = PBXFileReference; fileEncoding = 4; lastKnownFileType = sourcecode.swift; path = Layout.swift; sourceTree = "<group>"; };
		C88992EF2860631E00F327D6 /* BottomSheet.swift */ = {isa = PBXFileReference; fileEncoding = 4; lastKnownFileType = sourcecode.swift; path = BottomSheet.swift; sourceTree = "<group>"; };
		C8C5EC13287EA9FB00488334 /* ColumnNavigation.swift */ = {isa = PBXFileReference; lastKnownFileType = sourcecode.swift; path = ColumnNavigation.swift; sourceTree = "<group>"; };
		E5180E4E28759AE4004D2BFE /* VariableSFSymbolView.swift */ = {isa = PBXFileReference; lastKnownFileType = sourcecode.swift; path = VariableSFSymbolView.swift; sourceTree = "<group>"; };
		E5180E5028759AFB004D2BFE /* GradientExampleView.swift */ = {isa = PBXFileReference; lastKnownFileType = sourcecode.swift; path = GradientExampleView.swift; sourceTree = "<group>"; };
		E54BDB9A28620CB800A4A590 /* MarkDownView.swift */ = {isa = PBXFileReference; lastKnownFileType = sourcecode.swift; path = MarkDownView.swift; sourceTree = "<group>"; };
/* End PBXFileReference section */

/* Begin PBXFrameworksBuildPhase section */
		C88992D62860630800F327D6 /* Frameworks */ = {
			isa = PBXFrameworksBuildPhase;
			buildActionMask = 2147483647;
			files = (
			);
			runOnlyForDeploymentPostprocessing = 0;
		};
/* End PBXFrameworksBuildPhase section */

/* Begin PBXGroup section */
		C88992D02860630800F327D6 = {
			isa = PBXGroup;
			children = (
				C88992DB2860630800F327D6 /* WWDC22 */,
				C88992DA2860630800F327D6 /* Products */,
			);
			sourceTree = "<group>";
		};
		C88992DA2860630800F327D6 /* Products */ = {
			isa = PBXGroup;
			children = (
				C88992D92860630800F327D6 /* WWDC22.app */,
			);
			name = Products;
			sourceTree = "<group>";
		};
		C88992DB2860630800F327D6 /* WWDC22 */ = {
			isa = PBXGroup;
			children = (
				C88992DC2860630800F327D6 /* WWDC22App.swift */,
				C8C5EC15287EAA0100488334 /* Navigation */,
				E54BDB9A28620CB800A4A590 /* MarkDownView.swift */,
				C88992EF2860631E00F327D6 /* BottomSheet.swift */,
				C88992EC2860631E00F327D6 /* Chart.swift */,
				C88992EE2860631E00F327D6 /* Layout.swift */,
				C88992ED2860631E00F327D6 /* ViewFit.swift */,
				C88992DE2860630800F327D6 /* ContentView.swift */,
				E5180E4E28759AE4004D2BFE /* VariableSFSymbolView.swift */,
				E5180E5028759AFB004D2BFE /* GradientExampleView.swift */,
				C88992E02860630A00F327D6 /* Assets.xcassets */,
				C88992E22860630A00F327D6 /* WWDC22.entitlements */,
				C88992E32860630A00F327D6 /* Preview Content */,
			);
			path = WWDC22;
			sourceTree = "<group>";
		};
		C88992E32860630A00F327D6 /* Preview Content */ = {
			isa = PBXGroup;
			children = (
				C88992E42860630A00F327D6 /* Preview Assets.xcassets */,
			);
			path = "Preview Content";
			sourceTree = "<group>";
		};
		C8C5EC15287EAA0100488334 /* Navigation */ = {
			isa = PBXGroup;
			children = (
				C88992EB2860631E00F327D6 /* ProgramaticNavigationView.swift */,
				C8C5EC13287EA9FB00488334 /* ColumnNavigation.swift */,
			);
			path = Navigation;
			sourceTree = "<group>";
		};
/* End PBXGroup section */

/* Begin PBXNativeTarget section */
		C88992D82860630800F327D6 /* WWDC22 */ = {
			isa = PBXNativeTarget;
			buildConfigurationList = C88992E82860630A00F327D6 /* Build configuration list for PBXNativeTarget "WWDC22" */;
			buildPhases = (
				C88992D52860630800F327D6 /* Sources */,
				C88992D62860630800F327D6 /* Frameworks */,
				C88992D72860630800F327D6 /* Resources */,
			);
			buildRules = (
			);
			dependencies = (
			);
			name = WWDC22;
			productName = WWDC22;
			productReference = C88992D92860630800F327D6 /* WWDC22.app */;
			productType = "com.apple.product-type.application";
		};
/* End PBXNativeTarget section */

/* Begin PBXProject section */
		C88992D12860630800F327D6 /* Project object */ = {
			isa = PBXProject;
			attributes = {
				BuildIndependentTargetsInParallel = 1;
				LastSwiftUpdateCheck = 1400;
				LastUpgradeCheck = 1400;
				TargetAttributes = {
					C88992D82860630800F327D6 = {
						CreatedOnToolsVersion = 14.0;
					};
				};
			};
			buildConfigurationList = C88992D42860630800F327D6 /* Build configuration list for PBXProject "WWDC22" */;
			compatibilityVersion = "Xcode 14.0";
			developmentRegion = en;
			hasScannedForEncodings = 0;
			knownRegions = (
				en,
				Base,
			);
			mainGroup = C88992D02860630800F327D6;
			productRefGroup = C88992DA2860630800F327D6 /* Products */;
			projectDirPath = "";
			projectRoot = "";
			targets = (
				C88992D82860630800F327D6 /* WWDC22 */,
			);
		};
/* End PBXProject section */

/* Begin PBXResourcesBuildPhase section */
		C88992D72860630800F327D6 /* Resources */ = {
			isa = PBXResourcesBuildPhase;
			buildActionMask = 2147483647;
			files = (
				C88992E52860630A00F327D6 /* Preview Assets.xcassets in Resources */,
				C88992E12860630A00F327D6 /* Assets.xcassets in Resources */,
			);
			runOnlyForDeploymentPostprocessing = 0;
		};
/* End PBXResourcesBuildPhase section */

/* Begin PBXSourcesBuildPhase section */
		C88992D52860630800F327D6 /* Sources */ = {
			isa = PBXSourcesBuildPhase;
			buildActionMask = 2147483647;
			files = (
				C88992F12860631E00F327D6 /* Chart.swift in Sources */,
				C88992F02860631E00F327D6 /* ProgramaticNavigationView.swift in Sources */,
				C88992F42860631E00F327D6 /* BottomSheet.swift in Sources */,
				C8C5EC14287EA9FB00488334 /* ColumnNavigation.swift in Sources */,
				E5180E5128759AFB004D2BFE /* GradientExampleView.swift in Sources */,
				E54BDB9B28620CB800A4A590 /* MarkDownView.swift in Sources */,
				C88992DF2860630800F327D6 /* ContentView.swift in Sources */,
				E5180E4F28759AE4004D2BFE /* VariableSFSymbolView.swift in Sources */,
				C88992DD2860630800F327D6 /* WWDC22App.swift in Sources */,
				C88992F22860631E00F327D6 /* ViewFit.swift in Sources */,
				C88992F32860631E00F327D6 /* Layout.swift in Sources */,
			);
			runOnlyForDeploymentPostprocessing = 0;
		};
/* End PBXSourcesBuildPhase section */

/* Begin XCBuildConfiguration section */
		C88992E62860630A00F327D6 /* Debug */ = {
			isa = XCBuildConfiguration;
			buildSettings = {
				ALWAYS_SEARCH_USER_PATHS = NO;
				CLANG_ANALYZER_NONNULL = YES;
				CLANG_ANALYZER_NUMBER_OBJECT_CONVERSION = YES_AGGRESSIVE;
				CLANG_CXX_LANGUAGE_STANDARD = "gnu++17";
				CLANG_ENABLE_MODULES = YES;
				CLANG_ENABLE_OBJC_ARC = YES;
				CLANG_ENABLE_OBJC_WEAK = YES;
				CLANG_WARN_BLOCK_CAPTURE_AUTORELEASING = YES;
				CLANG_WARN_BOOL_CONVERSION = YES;
				CLANG_WARN_COMMA = YES;
				CLANG_WARN_CONSTANT_CONVERSION = YES;
				CLANG_WARN_DEPRECATED_OBJC_IMPLEMENTATIONS = YES;
				CLANG_WARN_DIRECT_OBJC_ISA_USAGE = YES_ERROR;
				CLANG_WARN_DOCUMENTATION_COMMENTS = YES;
				CLANG_WARN_EMPTY_BODY = YES;
				CLANG_WARN_ENUM_CONVERSION = YES;
				CLANG_WARN_INFINITE_RECURSION = YES;
				CLANG_WARN_INT_CONVERSION = YES;
				CLANG_WARN_NON_LITERAL_NULL_CONVERSION = YES;
				CLANG_WARN_OBJC_IMPLICIT_RETAIN_SELF = YES;
				CLANG_WARN_OBJC_LITERAL_CONVERSION = YES;
				CLANG_WARN_OBJC_ROOT_CLASS = YES_ERROR;
				CLANG_WARN_QUOTED_INCLUDE_IN_FRAMEWORK_HEADER = YES;
				CLANG_WARN_RANGE_LOOP_ANALYSIS = YES;
				CLANG_WARN_STRICT_PROTOTYPES = YES;
				CLANG_WARN_SUSPICIOUS_MOVE = YES;
				CLANG_WARN_UNGUARDED_AVAILABILITY = YES_AGGRESSIVE;
				CLANG_WARN_UNREACHABLE_CODE = YES;
				CLANG_WARN__DUPLICATE_METHOD_MATCH = YES;
				COPY_PHASE_STRIP = NO;
				DEBUG_INFORMATION_FORMAT = dwarf;
				ENABLE_STRICT_OBJC_MSGSEND = YES;
				ENABLE_TESTABILITY = YES;
				GCC_C_LANGUAGE_STANDARD = gnu11;
				GCC_DYNAMIC_NO_PIC = NO;
				GCC_NO_COMMON_BLOCKS = YES;
				GCC_OPTIMIZATION_LEVEL = 0;
				GCC_PREPROCESSOR_DEFINITIONS = (
					"DEBUG=1",
					"$(inherited)",
				);
				GCC_WARN_64_TO_32_BIT_CONVERSION = YES;
				GCC_WARN_ABOUT_RETURN_TYPE = YES_ERROR;
				GCC_WARN_UNDECLARED_SELECTOR = YES;
				GCC_WARN_UNINITIALIZED_AUTOS = YES_AGGRESSIVE;
				GCC_WARN_UNUSED_FUNCTION = YES;
				GCC_WARN_UNUSED_VARIABLE = YES;
				MTL_ENABLE_DEBUG_INFO = INCLUDE_SOURCE;
				MTL_FAST_MATH = YES;
				ONLY_ACTIVE_ARCH = YES;
				SWIFT_ACTIVE_COMPILATION_CONDITIONS = DEBUG;
				SWIFT_OPTIMIZATION_LEVEL = "-Onone";
			};
			name = Debug;
		};
		C88992E72860630A00F327D6 /* Release */ = {
			isa = XCBuildConfiguration;
			buildSettings = {
				ALWAYS_SEARCH_USER_PATHS = NO;
				CLANG_ANALYZER_NONNULL = YES;
				CLANG_ANALYZER_NUMBER_OBJECT_CONVERSION = YES_AGGRESSIVE;
				CLANG_CXX_LANGUAGE_STANDARD = "gnu++17";
				CLANG_ENABLE_MODULES = YES;
				CLANG_ENABLE_OBJC_ARC = YES;
				CLANG_ENABLE_OBJC_WEAK = YES;
				CLANG_WARN_BLOCK_CAPTURE_AUTORELEASING = YES;
				CLANG_WARN_BOOL_CONVERSION = YES;
				CLANG_WARN_COMMA = YES;
				CLANG_WARN_CONSTANT_CONVERSION = YES;
				CLANG_WARN_DEPRECATED_OBJC_IMPLEMENTATIONS = YES;
				CLANG_WARN_DIRECT_OBJC_ISA_USAGE = YES_ERROR;
				CLANG_WARN_DOCUMENTATION_COMMENTS = YES;
				CLANG_WARN_EMPTY_BODY = YES;
				CLANG_WARN_ENUM_CONVERSION = YES;
				CLANG_WARN_INFINITE_RECURSION = YES;
				CLANG_WARN_INT_CONVERSION = YES;
				CLANG_WARN_NON_LITERAL_NULL_CONVERSION = YES;
				CLANG_WARN_OBJC_IMPLICIT_RETAIN_SELF = YES;
				CLANG_WARN_OBJC_LITERAL_CONVERSION = YES;
				CLANG_WARN_OBJC_ROOT_CLASS = YES_ERROR;
				CLANG_WARN_QUOTED_INCLUDE_IN_FRAMEWORK_HEADER = YES;
				CLANG_WARN_RANGE_LOOP_ANALYSIS = YES;
				CLANG_WARN_STRICT_PROTOTYPES = YES;
				CLANG_WARN_SUSPICIOUS_MOVE = YES;
				CLANG_WARN_UNGUARDED_AVAILABILITY = YES_AGGRESSIVE;
				CLANG_WARN_UNREACHABLE_CODE = YES;
				CLANG_WARN__DUPLICATE_METHOD_MATCH = YES;
				COPY_PHASE_STRIP = NO;
				DEBUG_INFORMATION_FORMAT = "dwarf-with-dsym";
				ENABLE_NS_ASSERTIONS = NO;
				ENABLE_STRICT_OBJC_MSGSEND = YES;
				GCC_C_LANGUAGE_STANDARD = gnu11;
				GCC_NO_COMMON_BLOCKS = YES;
				GCC_WARN_64_TO_32_BIT_CONVERSION = YES;
				GCC_WARN_ABOUT_RETURN_TYPE = YES_ERROR;
				GCC_WARN_UNDECLARED_SELECTOR = YES;
				GCC_WARN_UNINITIALIZED_AUTOS = YES_AGGRESSIVE;
				GCC_WARN_UNUSED_FUNCTION = YES;
				GCC_WARN_UNUSED_VARIABLE = YES;
				MTL_ENABLE_DEBUG_INFO = NO;
				MTL_FAST_MATH = YES;
				SWIFT_COMPILATION_MODE = wholemodule;
				SWIFT_OPTIMIZATION_LEVEL = "-O";
			};
			name = Release;
		};
		C88992E92860630A00F327D6 /* Debug */ = {
			isa = XCBuildConfiguration;
			buildSettings = {
				ASSETCATALOG_COMPILER_APPICON_NAME = AppIcon;
				ASSETCATALOG_COMPILER_GLOBAL_ACCENT_COLOR_NAME = AccentColor;
				CODE_SIGN_ENTITLEMENTS = WWDC22/WWDC22.entitlements;
				CODE_SIGN_STYLE = Automatic;
				CURRENT_PROJECT_VERSION = 1;
				DEVELOPMENT_ASSET_PATHS = "\"WWDC22/Preview Content\"";
				ENABLE_PREVIEWS = YES;
				GENERATE_INFOPLIST_FILE = YES;
				"INFOPLIST_KEY_UILaunchScreen_Generation[sdk=iphoneos*]" = YES;
				"INFOPLIST_KEY_UILaunchScreen_Generation[sdk=iphonesimulator*]" = YES;
				INFOPLIST_KEY_UISupportedInterfaceOrientations_iPad = "UIInterfaceOrientationPortrait UIInterfaceOrientationPortraitUpsideDown UIInterfaceOrientationLandscapeLeft UIInterfaceOrientationLandscapeRight";
				INFOPLIST_KEY_UISupportedInterfaceOrientations_iPhone = "UIInterfaceOrientationPortrait UIInterfaceOrientationLandscapeLeft UIInterfaceOrientationLandscapeRight";
				IPHONEOS_DEPLOYMENT_TARGET = 16.0;
				LD_RUNPATH_SEARCH_PATHS = "@executable_path/Frameworks";
				"LD_RUNPATH_SEARCH_PATHS[sdk=macosx*]" = "@executable_path/../Frameworks";
				MACOSX_DEPLOYMENT_TARGET = 12.4;
				MARKETING_VERSION = 1.0;
				PRODUCT_BUNDLE_IDENTIFIER = com.razvanlitianu.WWDC22;
				PRODUCT_NAME = "$(TARGET_NAME)";
				SDKROOT = auto;
				SUPPORTED_PLATFORMS = "iphoneos iphonesimulator macosx";
				SWIFT_EMIT_LOC_STRINGS = YES;
				SWIFT_VERSION = 5.0;
				TARGETED_DEVICE_FAMILY = "1,2";
			};
			name = Debug;
		};
		C88992EA2860630A00F327D6 /* Release */ = {
			isa = XCBuildConfiguration;
			buildSettings = {
				ASSETCATALOG_COMPILER_APPICON_NAME = AppIcon;
				ASSETCATALOG_COMPILER_GLOBAL_ACCENT_COLOR_NAME = AccentColor;
				CODE_SIGN_ENTITLEMENTS = WWDC22/WWDC22.entitlements;
				CODE_SIGN_STYLE = Automatic;
				CURRENT_PROJECT_VERSION = 1;
				DEVELOPMENT_ASSET_PATHS = "\"WWDC22/Preview Content\"";
				ENABLE_PREVIEWS = YES;
				GENERATE_INFOPLIST_FILE = YES;
				"INFOPLIST_KEY_UILaunchScreen_Generation[sdk=iphoneos*]" = YES;
				"INFOPLIST_KEY_UILaunchScreen_Generation[sdk=iphonesimulator*]" = YES;
				INFOPLIST_KEY_UISupportedInterfaceOrientations_iPad = "UIInterfaceOrientationPortrait UIInterfaceOrientationPortraitUpsideDown UIInterfaceOrientationLandscapeLeft UIInterfaceOrientationLandscapeRight";
				INFOPLIST_KEY_UISupportedInterfaceOrientations_iPhone = "UIInterfaceOrientationPortrait UIInterfaceOrientationLandscapeLeft UIInterfaceOrientationLandscapeRight";
				IPHONEOS_DEPLOYMENT_TARGET = 16.0;
				LD_RUNPATH_SEARCH_PATHS = "@executable_path/Frameworks";
				"LD_RUNPATH_SEARCH_PATHS[sdk=macosx*]" = "@executable_path/../Frameworks";
				MACOSX_DEPLOYMENT_TARGET = 12.4;
				MARKETING_VERSION = 1.0;
				PRODUCT_BUNDLE_IDENTIFIER = com.razvanlitianu.WWDC22;
				PRODUCT_NAME = "$(TARGET_NAME)";
				SDKROOT = auto;
				SUPPORTED_PLATFORMS = "iphoneos iphonesimulator macosx";
				SWIFT_EMIT_LOC_STRINGS = YES;
				SWIFT_VERSION = 5.0;
				TARGETED_DEVICE_FAMILY = "1,2";
			};
			name = Release;
		};
/* End XCBuildConfiguration section */

/* Begin XCConfigurationList section */
		C88992D42860630800F327D6 /* Build configuration list for PBXProject "WWDC22" */ = {
			isa = XCConfigurationList;
			buildConfigurations = (
				C88992E62860630A00F327D6 /* Debug */,
				C88992E72860630A00F327D6 /* Release */,
			);
			defaultConfigurationIsVisible = 0;
			defaultConfigurationName = Release;
		};
		C88992E82860630A00F327D6 /* Build configuration list for PBXNativeTarget "WWDC22" */ = {
			isa = XCConfigurationList;
			buildConfigurations = (
				C88992E92860630A00F327D6 /* Debug */,
				C88992EA2860630A00F327D6 /* Release */,
			);
			defaultConfigurationIsVisible = 0;
			defaultConfigurationName = Release;
		};
/* End XCConfigurationList section */
	};
	rootObject = C88992D12860630800F327D6 /* Project object */;
}
